
Microsoft Visual Studio Solution File, Format Version 12.00
# Visual Studio Version 16
VisualStudioVersion = 16.0.30503.244
MinimumVisualStudioVersion = 10.0.40219.1
Project("{8BC9CEB8-8B4A-11D0-8D11-00A0C91BC942}") = "memfuck", "memfuck\memfuck.vcxproj", "{19A423CD-2D79-4000-89F2-61424BE79F20}"
EndProject
Global
	GlobalSection(SolutionConfigurationPlatforms) = preSolution
		Debug|x64 = Debug|x64
		Debug|x86 = Debug|x86
		Release|x64 = Release|x64
		Release|x86 = Release|x86
	EndGlobalSection
	GlobalSection(ProjectConfigurationPlatforms) = postSolution
		{19A423CD-2D79-4000-89F2-61424BE79F20}.Debug|x64.ActiveCfg = Debug|x64
		{19A423CD-2D79-4000-89F2-61424BE79F20}.Debug|x64.Build.0 = Debug|x64
		{19A423CD-2D79-4000-89F2-61424BE79F20}.Debug|x86.ActiveCfg = Debug|Win32
		{19A423CD-2D79-4000-89F2-61424BE79F20}.Debug|x86.Build.0 = Debug|Win32
		{19A423CD-2D79-4000-89F2-61424BE79F20}.Release|x64.ActiveCfg = Release|x64
		{19A423CD-2D79-4000-89F2-61424BE79F20}.Release|x64.Build.0 = Release|x64
		{19A423CD-2D79-4000-89F2-61424BE79F20}.Release|x86.ActiveCfg = Release|Win32
		{19A423CD-2D79-4000-89F2-61424BE79F20}.Release|x86.Build.0 = Release|Win32
	EndGlobalSection
	GlobalSection(SolutionProperties) = preSolution
		HideSolutionNode = FALSE
	EndGlobalSection
	GlobalSection(ExtensibilityGlobals) = postSolution
		SolutionGuid = {C50FDDE9-2AB1-4CE9-9A93-92B3991EA6E5}
	EndGlobalSection
EndGlobal
